
Microsoft Visual Studio Solution File, Format Version 12.00
# Visual Studio Version 16
VisualStudioVersion = 16.0.31402.337
MinimumVisualStudioVersion = 10.0.40219.1
Project("{FAE04EC0-301F-11D3-BF4B-00C04F79EFBC}") = "TextRPG2", "TextRPG2\TextRPG2.csproj", "{3E732B55-BAA4-4F2F-BA8B-FFCD9FD6B28E}"
EndProject
Global
	GlobalSection(SolutionConfigurationPlatforms) = preSolution
		Debug|Any CPU = Debug|Any CPU
		Release|Any CPU = Release|Any CPU
	EndGlobalSection
	GlobalSection(ProjectConfigurationPlatforms) = postSolution
		{3E732B55-BAA4-4F2F-BA8B-FFCD9FD6B28E}.Debug|Any CPU.ActiveCfg = Debug|Any CPU
		{3E732B55-BAA4-4F2F-BA8B-FFCD9FD6B28E}.Debug|Any CPU.Build.0 = Debug|Any CPU
		{3E732B55-BAA4-4F2F-BA8B-FFCD9FD6B28E}.Release|Any CPU.ActiveCfg = Release|Any CPU
		{3E732B55-BAA4-4F2F-BA8B-FFCD9FD6B28E}.Release|Any CPU.Build.0 = Release|Any CPU
	EndGlobalSection
	GlobalSection(SolutionProperties) = preSolution
		HideSolutionNode = FALSE
	EndGlobalSection
	GlobalSection(ExtensibilityGlobals) = postSolution
		SolutionGuid = {F1D83DB2-E9A4-42E0-A268-03AA179CC508}
	EndGlobalSection
EndGlobal
